
Microsoft Visual Studio Solution File, Format Version 12.00
# Visual Studio Version 17
VisualStudioVersion = 17.7.34024.191
MinimumVisualStudioVersion = 10.0.40219.1
Project("{FAE04EC0-301F-11D3-BF4B-00C04F79EFBC}") = "SecurityFiles", "SecurityFiles\SecurityFiles.csproj", "{DCD6F0E4-2873-4CBE-9229-77911D4089CC}"
EndProject
Global
	GlobalSection(SolutionConfigurationPlatforms) = preSolution
		Debug|Any CPU = Debug|Any CPU
		Release|Any CPU = Release|Any CPU
	EndGlobalSection
	GlobalSection(ProjectConfigurationPlatforms) = postSolution
		{DCD6F0E4-2873-4CBE-9229-77911D4089CC}.Debug|Any CPU.ActiveCfg = Debug|Any CPU
		{DCD6F0E4-2873-4CBE-9229-77911D4089CC}.Debug|Any CPU.Build.0 = Debug|Any CPU
		{DCD6F0E4-2873-4CBE-9229-77911D4089CC}.Release|Any CPU.ActiveCfg = Release|Any CPU
		{DCD6F0E4-2873-4CBE-9229-77911D4089CC}.Release|Any CPU.Build.0 = Release|Any CPU
	EndGlobalSection
	GlobalSection(SolutionProperties) = preSolution
		HideSolutionNode = FALSE
	EndGlobalSection
	GlobalSection(ExtensibilityGlobals) = postSolution
		SolutionGuid = {0565BA1C-0CBC-45A3-8C59-B6BBB7CC8949}
	EndGlobalSection
EndGlobal
